
Microsoft Visual Studio Solution File, Format Version 12.00
# Visual Studio Version 17
VisualStudioVersion = 17.0.32112.339
MinimumVisualStudioVersion = 10.0.40219.1
Project("{9A19103F-16F7-4668-BE54-9A1E7A4F7556}") = "NetSSHTunneler.App", "NetSSHTunneler\NetSSHTunneler.App.csproj", "{76124F76-4C68-4A36-9B8C-6FB60AA3195E}"
EndProject
Project("{9A19103F-16F7-4668-BE54-9A1E7A4F7556}") = "NetSSHTunneler.Services", "NetSSHTunneler.Services\NetSSHTunneler.Services.csproj", "{52EC12CA-5A92-4C17-924C-1BDC1446E8D6}"
EndProject
Project("{9A19103F-16F7-4668-BE54-9A1E7A4F7556}") = "NetSSHTunneler.Domain", "NetSSHTunneler.Domain\NetSSHTunneler.Domain.csproj", "{3653CD45-80EE-49A5-BD34-AB0A9AEF338B}"
EndProject
Project("{2150E333-8FDC-42A3-9474-1A3956D46DE8}") = "Tests", "Tests", "{1A2D231D-AD75-4BF8-A7EF-390482225AB0}"
EndProject
Project("{9A19103F-16F7-4668-BE54-9A1E7A4F7556}") = "NetSSHTunneler.App.Tests", "NetSSHTunneler.App.Tests\NetSSHTunneler.App.Tests.csproj", "{E1F3122D-2C9A-4D1D-BF6F-2C5427CCFB46}"
EndProject
Project("{9A19103F-16F7-4668-BE54-9A1E7A4F7556}") = "NetSSHTunneler.Utils.Tests", "..\fork-ssh-tunneler\NetSSHTunneler.Utils.Tests\NetSSHTunneler.Utils.Tests.csproj", "{6F5A0A09-380E-49A9-88B5-A74DD477BF0C}"
EndProject
Global
	GlobalSection(SolutionConfigurationPlatforms) = preSolution
		Debug|Any CPU = Debug|Any CPU
		Release|Any CPU = Release|Any CPU
	EndGlobalSection
	GlobalSection(ProjectConfigurationPlatforms) = postSolution
		{76124F76-4C68-4A36-9B8C-6FB60AA3195E}.Debug|Any CPU.ActiveCfg = Debug|Any CPU
		{76124F76-4C68-4A36-9B8C-6FB60AA3195E}.Debug|Any CPU.Build.0 = Debug|Any CPU
		{76124F76-4C68-4A36-9B8C-6FB60AA3195E}.Release|Any CPU.ActiveCfg = Release|Any CPU
		{76124F76-4C68-4A36-9B8C-6FB60AA3195E}.Release|Any CPU.Build.0 = Release|Any CPU
		{52EC12CA-5A92-4C17-924C-1BDC1446E8D6}.Debug|Any CPU.ActiveCfg = Debug|Any CPU
		{52EC12CA-5A92-4C17-924C-1BDC1446E8D6}.Debug|Any CPU.Build.0 = Debug|Any CPU
		{52EC12CA-5A92-4C17-924C-1BDC1446E8D6}.Release|Any CPU.ActiveCfg = Release|Any CPU
		{52EC12CA-5A92-4C17-924C-1BDC1446E8D6}.Release|Any CPU.Build.0 = Release|Any CPU
		{3653CD45-80EE-49A5-BD34-AB0A9AEF338B}.Debug|Any CPU.ActiveCfg = Debug|Any CPU
		{3653CD45-80EE-49A5-BD34-AB0A9AEF338B}.Debug|Any CPU.Build.0 = Debug|Any CPU
		{3653CD45-80EE-49A5-BD34-AB0A9AEF338B}.Release|Any CPU.ActiveCfg = Release|Any CPU
		{3653CD45-80EE-49A5-BD34-AB0A9AEF338B}.Release|Any CPU.Build.0 = Release|Any CPU
		{E1F3122D-2C9A-4D1D-BF6F-2C5427CCFB46}.Debug|Any CPU.ActiveCfg = Debug|Any CPU
		{E1F3122D-2C9A-4D1D-BF6F-2C5427CCFB46}.Debug|Any CPU.Build.0 = Debug|Any CPU
		{E1F3122D-2C9A-4D1D-BF6F-2C5427CCFB46}.Release|Any CPU.ActiveCfg = Release|Any CPU
		{E1F3122D-2C9A-4D1D-BF6F-2C5427CCFB46}.Release|Any CPU.Build.0 = Release|Any CPU
		{6F5A0A09-380E-49A9-88B5-A74DD477BF0C}.Debug|Any CPU.ActiveCfg = Debug|Any CPU
		{6F5A0A09-380E-49A9-88B5-A74DD477BF0C}.Debug|Any CPU.Build.0 = Debug|Any CPU
		{6F5A0A09-380E-49A9-88B5-A74DD477BF0C}.Release|Any CPU.ActiveCfg = Release|Any CPU
		{6F5A0A09-380E-49A9-88B5-A74DD477BF0C}.Release|Any CPU.Build.0 = Release|Any CPU
	EndGlobalSection
	GlobalSection(SolutionProperties) = preSolution
		HideSolutionNode = FALSE
	EndGlobalSection
	GlobalSection(NestedProjects) = preSolution
		{E1F3122D-2C9A-4D1D-BF6F-2C5427CCFB46} = {1A2D231D-AD75-4BF8-A7EF-390482225AB0}
		{6F5A0A09-380E-49A9-88B5-A74DD477BF0C} = {1A2D231D-AD75-4BF8-A7EF-390482225AB0}
	EndGlobalSection
	GlobalSection(ExtensibilityGlobals) = postSolution
		SolutionGuid = {C183056D-A8ED-4E65-91DB-51C4CA57665C}
	EndGlobalSection
EndGlobal
